
Microsoft Visual Studio Solution File, Format Version 12.00
# Visual Studio Version 17
VisualStudioVersion = 17.2.32616.157
MinimumVisualStudioVersion = 10.0.40219.1
Project("{FAE04EC0-301F-11D3-BF4B-00C04F79EFBC}") = "Business", "Business\Business.csproj", "{5EBA58A9-925E-4E55-9FEA-B9D65ACC84F0}"
EndProject
Project("{FAE04EC0-301F-11D3-BF4B-00C04F79EFBC}") = "DataAccess", "DataAccess\DataAccess.csproj", "{48D26CDA-C72E-467B-B66E-B201731FF262}"
EndProject
Project("{FAE04EC0-301F-11D3-BF4B-00C04F79EFBC}") = "Core", "Core\Core.csproj", "{35767499-D3E5-4571-9784-BEDE18558C55}"
EndProject
Project("{FAE04EC0-301F-11D3-BF4B-00C04F79EFBC}") = "Entities", "Entities\Entities.csproj", "{FF024C15-8616-475C-B2E9-82E783BF2744}"
EndProject
Project("{FAE04EC0-301F-11D3-BF4B-00C04F79EFBC}") = "WebAPI", "WebAPI\WebAPI.csproj", "{44C2393E-0AFA-4930-892A-4BA322CA095B}"
EndProject
Global
	GlobalSection(SolutionConfigurationPlatforms) = preSolution
		Debug|Any CPU = Debug|Any CPU
		Release|Any CPU = Release|Any CPU
	EndGlobalSection
	GlobalSection(ProjectConfigurationPlatforms) = postSolution
		{5EBA58A9-925E-4E55-9FEA-B9D65ACC84F0}.Debug|Any CPU.ActiveCfg = Debug|Any CPU
		{5EBA58A9-925E-4E55-9FEA-B9D65ACC84F0}.Debug|Any CPU.Build.0 = Debug|Any CPU
		{5EBA58A9-925E-4E55-9FEA-B9D65ACC84F0}.Release|Any CPU.ActiveCfg = Release|Any CPU
		{5EBA58A9-925E-4E55-9FEA-B9D65ACC84F0}.Release|Any CPU.Build.0 = Release|Any CPU
		{48D26CDA-C72E-467B-B66E-B201731FF262}.Debug|Any CPU.ActiveCfg = Debug|Any CPU
		{48D26CDA-C72E-467B-B66E-B201731FF262}.Debug|Any CPU.Build.0 = Debug|Any CPU
		{48D26CDA-C72E-467B-B66E-B201731FF262}.Release|Any CPU.ActiveCfg = Release|Any CPU
		{48D26CDA-C72E-467B-B66E-B201731FF262}.Release|Any CPU.Build.0 = Release|Any CPU
		{35767499-D3E5-4571-9784-BEDE18558C55}.Debug|Any CPU.ActiveCfg = Debug|Any CPU
		{35767499-D3E5-4571-9784-BEDE18558C55}.Debug|Any CPU.Build.0 = Debug|Any CPU
		{35767499-D3E5-4571-9784-BEDE18558C55}.Release|Any CPU.ActiveCfg = Release|Any CPU
		{35767499-D3E5-4571-9784-BEDE18558C55}.Release|Any CPU.Build.0 = Release|Any CPU
		{FF024C15-8616-475C-B2E9-82E783BF2744}.Debug|Any CPU.ActiveCfg = Debug|Any CPU
		{FF024C15-8616-475C-B2E9-82E783BF2744}.Debug|Any CPU.Build.0 = Debug|Any CPU
		{FF024C15-8616-475C-B2E9-82E783BF2744}.Release|Any CPU.ActiveCfg = Release|Any CPU
		{FF024C15-8616-475C-B2E9-82E783BF2744}.Release|Any CPU.Build.0 = Release|Any CPU
		{44C2393E-0AFA-4930-892A-4BA322CA095B}.Debug|Any CPU.ActiveCfg = Debug|Any CPU
		{44C2393E-0AFA-4930-892A-4BA322CA095B}.Debug|Any CPU.Build.0 = Debug|Any CPU
		{44C2393E-0AFA-4930-892A-4BA322CA095B}.Release|Any CPU.ActiveCfg = Release|Any CPU
		{44C2393E-0AFA-4930-892A-4BA322CA095B}.Release|Any CPU.Build.0 = Release|Any CPU
	EndGlobalSection
	GlobalSection(SolutionProperties) = preSolution
		HideSolutionNode = FALSE
	EndGlobalSection
	GlobalSection(ExtensibilityGlobals) = postSolution
		SolutionGuid = {2FFBFD28-CA72-45BD-9BDC-62BAE91C857F}
	EndGlobalSection
EndGlobal
